<?xml version="1.0" encoding="utf-8"?>
<Project ToolsVersion="4.0" xmlns="http://schemas.microsoft.com/developer/msbuild/2003">
  <ItemGroup>
    <Filter Include="Form Files">
      <UniqueIdentifier>{99349809-55BA-4b9d-BF79-8FDBB0286EB3}</UniqueIdentifier>
      <Extensions>ui</Extensions>
      <ParseFiles>false</ParseFiles>
    </Filter>
    <Filter Include="Form Files">
      <UniqueIdentifier>{99349809-55BA-4b9d-BF79-8FDBB0286EB3}</UniqueIdentifier>
      <Extensions>ui</Extensions>
      <ParseFiles>false</ParseFiles>
    </Filter>
    <Filter Include="Generated Files">
      <UniqueIdentifier>{71ED8ED8-ACB9-4CE9-BBE1-E00B30144E11}</UniqueIdentifier>
      <Extensions>cpp;c;cxx;moc;h;def;odl;idl;res;</Extensions>
    </Filter>
    <Filter Include="Generated Files">
      <UniqueIdentifier>{71ED8ED8-ACB9-4CE9-BBE1-E00B30144E11}</UniqueIdentifier>
      <Extensions>cpp;c;cxx;moc;h;def;odl;idl;res;</Extensions>
    </Filter>
    <Filter Include="Header Files">
      <UniqueIdentifier>{93995380-89BD-4b04-88EB-625FBE52EBFB}</UniqueIdentifier>
      <Extensions>h;hpp;hxx;hm;inl;inc;xsd</Extensions>
    </Filter>
    <Filter Include="Resource Files">
      <UniqueIdentifier>{D9D6E242-F8AF-46E4-B9FD-80ECBC20BA3E}</UniqueIdentifier>
      <Extensions>qrc;*</Extensions>
      <ParseFiles>false</ParseFiles>
    </Filter>
    <Filter Include="Resource Files">
      <UniqueIdentifier>{D9D6E242-F8AF-46E4-B9FD-80ECBC20BA3E}</UniqueIdentifier>
      <Extensions>qrc;*</Extensions>
      <ParseFiles>false</ParseFiles>
    </Filter>
    <Filter Include="Source Files">
      <UniqueIdentifier>{4FC737F1-C7A5-4376-A066-2A32D752A2FF}</UniqueIdentifier>
      <Extensions>cpp;c;cxx;def;odl;idl;hpj;bat;asm;asmx</Extensions>
    </Filter>
    <Filter Include="Generated Files\Debug">
      <UniqueIdentifier>{981daff0-d5a6-496b-97a5-3c759a058ed7}</UniqueIdentifier>
      <Extensions>cpp;moc</Extensions>
      <SourceControlFiles>False</SourceControlFiles>
    </Filter>
    <Filter Include="Generated Files\Release">
      <UniqueIdentifier>{3806bec5-c4f4-4d65-8444-9b817cab7ee0}</UniqueIdentifier>
      <Extensions>cpp;moc</Extensions>
      <SourceControlFiles>False</SourceControlFiles>
    </Filter>
    <Filter Include="Sources">
      <UniqueIdentifier>{4FC737F1-C7A5-4376-A066-2A32D752A2FF}</UniqueIdentifier>
      <Extensions>cpp;c;cxx;def;odl;idl;hpj;bat;asm;asmx</Extensions>
    </Filter>
    <Filter Include="Sources\MIDI">
      <UniqueIdentifier>{b8d9ce29-7537-4f6a-8046-28d2eebec14e}</UniqueIdentifier>
    </Filter>
    <Filter Include="Sources\MIDI\Controls">
      <UniqueIdentifier>{a75043da-a1f0-4058-b415-8516a1837741}</UniqueIdentifier>
    </Filter>
    <Filter Include="Sources\MIDI\RtMidi">
      <UniqueIdentifier>{cecd81e2-4620-4ce5-ae15-5fea52d0c54b}</UniqueIdentifier>
    </Filter>
    <Filter Include="Sources\WidgetActions">
      <UniqueIdentifier>{a8797c9e-3c5c-4a90-8baa-a744ece7e0c2}</UniqueIdentifier>
    </Filter>
    <Filter Include="Sources\Parameter">
      <UniqueIdentifier>{7bada958-6c89-4b2b-8c41-5c31af69451d}</UniqueIdentifier>
    </Filter>
    <Filter Include="Sources\Audio">
      <UniqueIdentifier>{2d1a9469-b60c-413b-b260-31a2ff170165}</UniqueIdentifier>
    </Filter>
  </ItemGroup>
  <ItemGroup>
    <ClCompile Include="CodeEdit.cpp">
      <Filter>Sources</Filter>
    </ClCompile>
    <ClCompile Include="Deck.cpp">
      <Filter>Sources</Filter>
    </ClCompile>
    <ClCompile Include="DisplayThread.cpp">
      <Filter>Sources</Filter>
    </ClCompile>
    <ClCompile Include="LiveView.cpp">
      <Filter>Sources</Filter>
    </ClCompile>
    <ClCompile Include="MainWindow.cpp">
      <Filter>Sources</Filter>
    </ClCompile>
    <ClCompile Include="NerDisco.cpp">
      <Filter>Sources</Filter>
    </ClCompile>
    <ClCompile Include="QTextEditLineNumberArea.cpp">
      <Filter>Sources</Filter>
    </ClCompile>
    <ClCompile Include="QTextEditStatusArea.cpp">
      <Filter>Sources</Filter>
    </ClCompile>
    <ClCompile Include="Debug\moc_CodeEdit.cpp">
      <Filter>Generated Files\Debug</Filter>
    </ClCompile>
    <ClCompile Include="Release\moc_CodeEdit.cpp">
      <Filter>Generated Files\Release</Filter>
    </ClCompile>
    <ClCompile Include="Debug\moc_Deck.cpp">
      <Filter>Generated Files\Debug</Filter>
    </ClCompile>
    <ClCompile Include="Release\moc_Deck.cpp">
      <Filter>Generated Files\Release</Filter>
    </ClCompile>
    <ClCompile Include="Debug\moc_DisplayThread.cpp">
      <Filter>Generated Files\Debug</Filter>
    </ClCompile>
    <ClCompile Include="Release\moc_DisplayThread.cpp">
      <Filter>Generated Files\Release</Filter>
    </ClCompile>
    <ClCompile Include="Debug\moc_LiveView.cpp">
      <Filter>Generated Files\Debug</Filter>
    </ClCompile>
    <ClCompile Include="Release\moc_LiveView.cpp">
      <Filter>Generated Files\Release</Filter>
    </ClCompile>
    <ClCompile Include="Debug\moc_MainWindow.cpp">
      <Filter>Generated Files\Debug</Filter>
    </ClCompile>
    <ClCompile Include="Release\moc_MainWindow.cpp">
      <Filter>Generated Files\Release</Filter>
    </ClCompile>
    <ClCompile Include="Debug\moc_QTextEditLineNumberArea.cpp">
      <Filter>Generated Files\Debug</Filter>
    </ClCompile>
    <ClCompile Include="Release\moc_QTextEditLineNumberArea.cpp">
      <Filter>Generated Files\Release</Filter>
    </ClCompile>
    <ClCompile Include="Debug\moc_QTextEditStatusArea.cpp">
      <Filter>Generated Files\Debug</Filter>
    </ClCompile>
    <ClCompile Include="Release\moc_QTextEditStatusArea.cpp">
      <Filter>Generated Files\Release</Filter>
    </ClCompile>
    <ClCompile Include="GeneratedFiles\qrc_resources.cpp">
      <Filter>Generated Files</Filter>
    </ClCompile>
    <ClCompile Include="Debug\moc_AudioInterface.cpp">
      <Filter>Generated Files\Debug</Filter>
    </ClCompile>
    <ClCompile Include="Release\moc_AudioInterface.cpp">
      <Filter>Generated Files\Release</Filter>
    </ClCompile>
    <ClCompile Include="Debug\moc_AudioProcessing.cpp">
      <Filter>Generated Files\Debug</Filter>
    </ClCompile>
    <ClCompile Include="Release\moc_AudioProcessing.cpp">
      <Filter>Generated Files\Release</Filter>
    </ClCompile>
    <ClCompile Include="Debug\moc_AudioConversion.cpp">
      <Filter>Generated Files\Debug</Filter>
    </ClCompile>
    <ClCompile Include="Release\moc_AudioConversion.cpp">
      <Filter>Generated Files\Release</Filter>
    </ClCompile>
    <ClCompile Include="SwapThread.cpp">
      <Filter>Sources</Filter>
    </ClCompile>
    <ClCompile Include="Debug\moc_SwapThread.cpp">
      <Filter>Generated Files\Debug</Filter>
    </ClCompile>
    <ClCompile Include="Release\moc_SwapThread.cpp">
      <Filter>Generated Files\Release</Filter>
    </ClCompile>
    <ClCompile Include="SignalJoiner.cpp">
      <Filter>Sources</Filter>
    </ClCompile>
    <ClCompile Include="Debug\moc_SignalJoiner.cpp">
      <Filter>Generated Files\Debug</Filter>
    </ClCompile>
    <ClCompile Include="Release\moc_SignalJoiner.cpp">
      <Filter>Generated Files\Release</Filter>
    </ClCompile>
    <ClCompile Include="Debug\moc_MIDIWorker.cpp">
      <Filter>Generated Files\Debug</Filter>
    </ClCompile>
    <ClCompile Include="Release\moc_MIDIWorker.cpp">
      <Filter>Generated Files\Release</Filter>
    </ClCompile>
    <ClCompile Include="rtmidi\RtMidi.cpp">
      <Filter>Sources\MIDI\RtMidi</Filter>
    </ClCompile>
    <ClCompile Include="QtMIDIButton.cpp">
      <Filter>Sources\MIDI\Controls</Filter>
    </ClCompile>
    <ClCompile Include="Debug\moc_QtMIDIButton.cpp">
      <Filter>Generated Files\Debug</Filter>
    </ClCompile>
    <ClCompile Include="Release\moc_QtMIDIButton.cpp">
      <Filter>Generated Files\Release</Filter>
    </ClCompile>
    <ClCompile Include="Debug\moc_MIDIDeviceInterface.cpp">
      <Filter>Generated Files\Debug</Filter>
    </ClCompile>
    <ClCompile Include="Release\moc_MIDIDeviceInterface.cpp">
      <Filter>Generated Files\Release</Filter>
    </ClCompile>
    <ClCompile Include="MIDIWorker.cpp">
      <Filter>Sources\MIDI</Filter>
    </ClCompile>
    <ClCompile Include="MIDIDeviceInterface.cpp">
      <Filter>Sources\MIDI</Filter>
    </ClCompile>
    <ClCompile Include="MIDIInterface.cpp">
      <Filter>Sources\MIDI</Filter>
    </ClCompile>
    <ClCompile Include="ImageOperations.cpp">
      <Filter>Sources</Filter>
    </ClCompile>
    <ClCompile Include="DisplayImageConverter.cpp">
      <Filter>Sources</Filter>
    </ClCompile>
    <ClCompile Include="Debug\moc_DisplayImageConverter.cpp">
      <Filter>Generated Files\Debug</Filter>
    </ClCompile>
    <ClCompile Include="Release\moc_DisplayImageConverter.cpp">
      <Filter>Generated Files\Release</Filter>
    </ClCompile>
    <ClCompile Include="QtSpinBoxAction.cpp">
      <Filter>Sources\WidgetActions</Filter>
    </ClCompile>
    <ClCompile Include="Debug\moc_QtSpinBoxAction.cpp">
      <Filter>Generated Files\Debug</Filter>
    </ClCompile>
    <ClCompile Include="Release\moc_QtSpinBoxAction.cpp">
      <Filter>Generated Files\Release</Filter>
    </ClCompile>
    <ClCompile Include="MIDIParameterConnection.cpp">
      <Filter>Sources\MIDI</Filter>
    </ClCompile>
    <ClCompile Include="Debug\moc_MIDIParameterMapping.cpp">
      <Filter>Generated Files\Debug</Filter>
    </ClCompile>
    <ClCompile Include="Release\moc_MIDIParameterMapping.cpp">
      <Filter>Generated Files\Release</Filter>
    </ClCompile>
    <ClCompile Include="MIDIParameterMapping.cpp">
      <Filter>Sources\MIDI</Filter>
    </ClCompile>
    <ClCompile Include="ParameterQtConnect.cpp">
      <Filter>Sources\Parameter</Filter>
    </ClCompile>
    <ClCompile Include="ParameterScanlineDirection.cpp">
      <Filter>Sources\Parameter</Filter>
    </ClCompile>
    <ClCompile Include="Debug\moc_NodeBase.cpp">
      <Filter>Generated Files\Debug</Filter>
    </ClCompile>
    <ClCompile Include="Release\moc_NodeBase.cpp">
      <Filter>Generated Files\Release</Filter>
    </ClCompile>
    <ClCompile Include="NodeBase.cpp">
      <Filter>Sources\Parameter</Filter>
    </ClCompile>
    <ClCompile Include="Debug\moc_ParameterScanlineDirection.cpp">
      <Filter>Generated Files\Debug</Filter>
    </ClCompile>
    <ClCompile Include="Release\moc_ParameterScanlineDirection.cpp">
      <Filter>Generated Files\Release</Filter>
    </ClCompile>
    <ClCompile Include="NodeQString.cpp">
      <Filter>Sources\Parameter</Filter>
    </ClCompile>
    <ClCompile Include="Debug\moc_NodeRanged.cpp">
      <Filter>Generated Files\Debug</Filter>
    </ClCompile>
    <ClCompile Include="Release\moc_NodeRanged.cpp">
      <Filter>Generated Files\Release</Filter>
    </ClCompile>
    <ClCompile Include="NodeRanged.cpp">
      <Filter>Sources\Parameter</Filter>
    </ClCompile>
    <ClCompile Include="Debug\moc_NodeQString.cpp">
      <Filter>Generated Files\Debug</Filter>
    </ClCompile>
    <ClCompile Include="Release\moc_NodeQString.cpp">
      <Filter>Generated Files\Release</Filter>
    </ClCompile>
    <ClCompile Include="NodeEnum.cpp">
      <Filter>Sources\Parameter</Filter>
    </ClCompile>
    <ClCompile Include="Debug\moc_NodeEnum.cpp">
      <Filter>Generated Files\Debug</Filter>
    </ClCompile>
    <ClCompile Include="Release\moc_NodeEnum.cpp">
      <Filter>Generated Files\Release</Filter>
    </ClCompile>
    <ClCompile Include="AudioConversion.cpp">
      <Filter>Sources\Audio</Filter>
    </ClCompile>
    <ClCompile Include="AudioInterface.cpp">
      <Filter>Sources\Audio</Filter>
    </ClCompile>
    <ClCompile Include="AudioProcessing.cpp">
      <Filter>Sources\Audio</Filter>
    </ClCompile>
  </ItemGroup>
  <ItemGroup>
    <CustomBuild Include="QtMIDIButton.h">
      <Filter>Sources\MIDI\Controls</Filter>
    </CustomBuild>
    <CustomBuild Include="MIDIDeviceInterface.h">
      <Filter>Sources\MIDI</Filter>
    </CustomBuild>
    <CustomBuild Include="MIDIWorker.h">
      <Filter>Sources\MIDI</Filter>
    </CustomBuild>
    <CustomBuild Include="SwapThread.h">
      <Filter>Sources</Filter>
    </CustomBuild>
    <CustomBuild Include="Deck.h">
      <Filter>Sources</Filter>
    </CustomBuild>
    <CustomBuild Include="DisplayThread.h">
      <Filter>Sources</Filter>
    </CustomBuild>
    <CustomBuild Include="LiveView.h">
      <Filter>Sources</Filter>
    </CustomBuild>
    <CustomBuild Include="MainWindow.h">
      <Filter>Sources</Filter>
    </CustomBuild>
    <CustomBuild Include="QTextEditLineNumberArea.h">
      <Filter>Sources</Filter>
    </CustomBuild>
    <CustomBuild Include="SignalJoiner.h">
      <Filter>Sources</Filter>
    </CustomBuild>
    <CustomBuild Include="DisplayImageConverter.h">
      <Filter>Sources</Filter>
    </CustomBuild>
    <CustomBuild Include="QtSpinBoxAction.h">
      <Filter>Sources\WidgetActions</Filter>
    </CustomBuild>
    <CustomBuild Include="MIDIParameterMapping.h">
      <Filter>Sources\MIDI</Filter>
    </CustomBuild>
    <CustomBuild Include="ParameterScanlineDirection.h">
      <Filter>Sources\Parameter</Filter>
    </CustomBuild>
    <CustomBuild Include="NodeBase.h">
      <Filter>Sources\Parameter</Filter>
    </CustomBuild>
    <CustomBuild Include="Parameters.h">
      <Filter>Sources\Parameter</Filter>
    </CustomBuild>
    <CustomBuild Include="NodeRanged.h">
      <Filter>Sources\Parameter</Filter>
    </CustomBuild>
    <CustomBuild Include="NodeQString.h">
      <Filter>Sources\Parameter</Filter>
    </CustomBuild>
    <CustomBuild Include="NodeEnum.h">
      <Filter>Sources\Parameter</Filter>
    </CustomBuild>
    <CustomBuild Include="AudioConversion.h">
      <Filter>Sources\Audio</Filter>
    </CustomBuild>
    <CustomBuild Include="AudioInterface.h">
      <Filter>Sources\Audio</Filter>
    </CustomBuild>
    <CustomBuild Include="AudioProcessing.h">
      <Filter>Sources\Audio</Filter>
    </CustomBuild>
  </ItemGroup>
  <ItemGroup>
    <CustomBuild Include="Deck.ui">
      <Filter>Form Files</Filter>
    </CustomBuild>
    <CustomBuild Include="MainWindow.ui">
      <Filter>Form Files</Filter>
    </CustomBuild>
    <CustomBuild Include="CodeEdit.h">
      <Filter>Sources</Filter>
    </CustomBuild>
    <CustomBuild Include="QTextEditStatusArea.h">
      <Filter>Sources</Filter>
    </CustomBuild>
  </ItemGroup>
  <ItemGroup>
    <None Include="resources\icon.ico">
      <Filter>Resource Files</Filter>
    </None>
    <None Include="resources\icon.svg">
      <Filter>Resource Files</Filter>
    </None>
    <None Include="resources\icon_16.png">
      <Filter>Resource Files</Filter>
    </None>
    <None Include="resources\icon_24.png">
      <Filter>Resource Files</Filter>
    </None>
    <None Include="resources\icon_32.png">
      <Filter>Resource Files</Filter>
    </None>
    <None Include="resources\icon_64.png">
      <Filter>Resource Files</Filter>
    </None>
    <CustomBuild Include="resources.qrc">
      <Filter>Resource Files</Filter>
    </CustomBuild>
    <None Include="effects\default.fs">
      <Filter>Resource Files</Filter>
    </None>
  </ItemGroup>
  <ItemGroup>
    <ClInclude Include="GeneratedFiles\ui_Deck.h">
      <Filter>Generated Files</Filter>
    </ClInclude>
    <ClInclude Include="GeneratedFiles\ui_MainWindow.h">
      <Filter>Generated Files</Filter>
    </ClInclude>
    <ClInclude Include="rtmidi\RtMidi.h">
      <Filter>Sources\MIDI\RtMidi</Filter>
    </ClInclude>
    <ClInclude Include="ColorOperations.h">
      <Filter>Sources</Filter>
    </ClInclude>
    <ClInclude Include="MIDIInterface.h">
      <Filter>Sources\MIDI</Filter>
    </ClInclude>
    <ClInclude Include="I_MIDIControl.h">
      <Filter>Sources\MIDI\Controls</Filter>
    </ClInclude>
    <ClInclude Include="ImageOperations.h">
      <Filter>Sources</Filter>
    </ClInclude>
    <ClInclude Include="MIDIParameterConnection.h">
      <Filter>Sources\MIDI</Filter>
    </ClInclude>
    <ClInclude Include="ParameterQtConnect.h">
      <Filter>Sources\Parameter</Filter>
    </ClInclude>
    <ClInclude Include="ParameterT.h">
      <Filter>Sources\Parameter</Filter>
    </ClInclude>
    <ClInclude Include="NodeFilter.h">
      <Filter>Sources\Parameter</Filter>
    </ClInclude>
  </ItemGroup>
</Project>